{
  "version": 4,
  "terraform_version": "1.7.0",
  "serial": 4,
  "lineage": "df1b54eb-bfd3-f554-10f3-9429945c4864",
  "outputs": {
    "app_service_url": {
      "value": "appnodejs.azurewebsites.net",
      "type": "string"
    }
  },
  "resources": [
    {
      "mode": "managed",
      "type": "azurerm_app_service",
      "name": "app_service",
      "provider": "provider[\"registry.terraform.io/hashicorp/azurerm\"]",
      "instances": [
        {
          "schema_version": 0,
          "attributes": {
            "app_service_plan_id": "/subscriptions/9af7bfe0-b934-4088-9cb1-434820dea492/resourceGroups/joytesteapp/providers/Microsoft.Web/serverFarms/app-service-plan",
            "app_settings": {
              "WEBSITE_NODE_DEFAULT_VERSION": "14.17.3"
            },
            "auth_settings": [
              {
                "active_directory": [],
                "additional_login_params": {},
                "allowed_external_redirect_urls": [],
                "default_provider": "",
                "enabled": false,
                "facebook": [],
                "google": [],
                "issuer": "",
                "microsoft": [],
                "runtime_version": "",
                "token_refresh_extension_hours": 0,
                "token_store_enabled": false,
                "twitter": [],
                "unauthenticated_client_action": ""
              }
            ],
            "backup": [],
            "client_affinity_enabled": false,
            "client_cert_enabled": false,
            "client_cert_mode": "Required",
            "connection_string": [],
            "custom_domain_verification_id": "3F479795D49B4516063088EFB1D28584451C130C17DC1317A98110C369FEAC9A",
            "default_site_hostname": "appnodejs.azurewebsites.net",
            "enabled": true,
            "https_only": false,
            "id": "/subscriptions/9af7bfe0-b934-4088-9cb1-434820dea492/resourceGroups/joytesteapp/providers/Microsoft.Web/sites/appnodejs",
            "identity": [],
            "key_vault_reference_identity_id": "SystemAssigned",
            "location": "eastus",
            "logs": [
              {
                "application_logs": [
                  {
                    "azure_blob_storage": [],
                    "file_system_level": "Off"
                  }
                ],
                "detailed_error_messages_enabled": false,
                "failed_request_tracing_enabled": false,
                "http_logs": [
                  {
                    "azure_blob_storage": [],
                    "file_system": []
                  }
                ]
              }
            ],
            "name": "appnodejs",
            "outbound_ip_address_list": [
              "52.151.220.65",
              "52.151.220.76",
              "52.151.220.92",
              "52.151.220.113",
              "52.151.220.203",
              "52.151.220.211",
              "20.119.16.24"
            ],
            "outbound_ip_addresses": "52.151.220.65,52.151.220.76,52.151.220.92,52.151.220.113,52.151.220.203,52.151.220.211,20.119.16.24",
            "possible_outbound_ip_address_list": [
              "52.151.220.65",
              "52.151.220.76",
              "52.151.220.92",
              "52.151.220.113",
              "52.151.220.203",
              "52.151.220.211",
              "52.151.221.61",
              "52.151.221.107",
              "52.151.221.137",
              "52.151.221.182",
              "52.151.221.201",
              "52.151.221.227",
              "52.151.221.228",
              "52.151.221.247",
              "52.151.222.80",
              "52.151.222.84",
              "52.151.222.148",
              "52.151.222.203",
              "52.151.222.214",
              "52.151.222.216",
              "52.151.223.28",
              "52.151.223.64",
              "52.151.223.71",
              "52.151.223.138",
              "20.119.16.24"
            ],
            "possible_outbound_ip_addresses": "52.151.220.65,52.151.220.76,52.151.220.92,52.151.220.113,52.151.220.203,52.151.220.211,52.151.221.61,52.151.221.107,52.151.221.137,52.151.221.182,52.151.221.201,52.151.221.227,52.151.221.228,52.151.221.247,52.151.222.80,52.151.222.84,52.151.222.148,52.151.222.203,52.151.222.214,52.151.222.216,52.151.223.28,52.151.223.64,52.151.223.71,52.151.223.138,20.119.16.24",
            "resource_group_name": "joytesteapp",
            "site_config": [
              {
                "acr_use_managed_identity_credentials": false,
                "acr_user_managed_identity_client_id": "",
                "always_on": false,
                "app_command_line": "",
                "auto_swap_slot_name": "",
                "cors": [
                  {
                    "allowed_origins": [],
                    "support_credentials": false
                  }
                ],
                "default_documents": null,
                "dotnet_framework_version": "v4.0",
                "ftps_state": "FtpsOnly",
                "health_check_path": "",
                "http2_enabled": false,
                "ip_restriction": [],
                "java_container": "",
                "java_container_version": "",
                "java_version": "",
                "linux_fx_version": "NODE|14-lts",
                "local_mysql_enabled": false,
                "managed_pipeline_mode": "Integrated",
                "min_tls_version": "1.2",
                "number_of_workers": 1,
                "php_version": "",
                "python_version": "",
                "remote_debugging_enabled": false,
                "remote_debugging_version": "VS2019",
                "scm_ip_restriction": [],
                "scm_type": "None",
                "scm_use_main_ip_restriction": false,
                "use_32_bit_worker_process": false,
                "vnet_route_all_enabled": false,
                "websockets_enabled": false,
                "windows_fx_version": ""
              }
            ],
            "site_credential": [
              {
                "password": "AQJ8RDefcwkoTLozsTiD29Y_A4OpsgE.LHHwGKuhiC9q2jOnCkPDboqIY_5z7iVLKtvEEPCqsI8",
                "username": "$appnodejs"
              }
            ],
            "source_control": [
              {
                "branch": "main",
                "manual_integration": false,
                "repo_url": "",
                "rollback_enabled": false,
                "use_mercurial": false
              }
            ],
            "storage_account": [],
            "tags": null,
            "timeouts": null
          },
          "sensitive_attributes": [],
          "private": "eyJlMmJmYjczMC1lY2FhLTExZTYtOGY4OC0zNDM2M2JjN2M0YzAiOnsiY3JlYXRlIjoxODAwMDAwMDAwMDAwLCJkZWxldGUiOjE4MDAwMDAwMDAwMDAsInJlYWQiOjMwMDAwMDAwMDAwMCwidXBkYXRlIjoxODAwMDAwMDAwMDAwfX0=",
          "dependencies": [
            "azurerm_app_service_plan.app_service_plan",
            "azurerm_resource_group.rg"
          ]
        }
      ]
    },
    {
      "mode": "managed",
      "type": "azurerm_app_service_plan",
      "name": "app_service_plan",
      "provider": "provider[\"registry.terraform.io/hashicorp/azurerm\"]",
      "instances": [
        {
          "schema_version": 1,
          "attributes": {
            "app_service_environment_id": "",
            "id": "/subscriptions/9af7bfe0-b934-4088-9cb1-434820dea492/resourceGroups/joytesteapp/providers/Microsoft.Web/serverFarms/app-service-plan",
            "is_xenon": false,
            "kind": "linux",
            "location": "eastus",
            "maximum_elastic_worker_count": 1,
            "maximum_number_of_workers": 3,
            "name": "app-service-plan",
            "per_site_scaling": false,
            "reserved": true,
            "resource_group_name": "joytesteapp",
            "sku": [
              {
                "capacity": 1,
                "size": "B1",
                "tier": "Basic"
              }
            ],
            "tags": null,
            "timeouts": null,
            "zone_redundant": false
          },
          "sensitive_attributes": [],
          "private": "eyJlMmJmYjczMC1lY2FhLTExZTYtOGY4OC0zNDM2M2JjN2M0YzAiOnsiY3JlYXRlIjozNjAwMDAwMDAwMDAwLCJkZWxldGUiOjM2MDAwMDAwMDAwMDAsInJlYWQiOjMwMDAwMDAwMDAwMCwidXBkYXRlIjozNjAwMDAwMDAwMDAwfSwic2NoZW1hX3ZlcnNpb24iOiIxIn0=",
          "dependencies": [
            "azurerm_resource_group.rg"
          ]
        }
      ]
    },
    {
      "mode": "managed",
      "type": "azurerm_resource_group",
      "name": "rg",
      "provider": "provider[\"registry.terraform.io/hashicorp/azurerm\"]",
      "instances": [
        {
          "schema_version": 0,
          "attributes": {
            "id": "/subscriptions/9af7bfe0-b934-4088-9cb1-434820dea492/resourceGroups/joytesteapp",
            "location": "eastus",
            "managed_by": "",
            "name": "joytesteapp",
            "tags": null,
            "timeouts": null
          },
          "sensitive_attributes": [],
          "private": "eyJlMmJmYjczMC1lY2FhLTExZTYtOGY4OC0zNDM2M2JjN2M0YzAiOnsiY3JlYXRlIjo1NDAwMDAwMDAwMDAwLCJkZWxldGUiOjU0MDAwMDAwMDAwMDAsInJlYWQiOjMwMDAwMDAwMDAwMCwidXBkYXRlIjo1NDAwMDAwMDAwMDAwfX0="
        }
      ]
    }
  ],
  "check_results": null
}
